github.com/faustbrian/golib/pkg/calendar v0.1.0 h1:SL7cJPHGSwzqqIL8/GuyuYFJWWKLFOkOjcifHGyZwF4=
github.com/faustbrian/golib/pkg/calendar v0.1.0/go.mod h1:ZNZKzCgoXvgMOOP/fzmTIkVMG+tAXPKd4IMgSPWrIfY=
github.com/faustbrian/golib/pkg/rule-engine v0.1.0 h1:vqeBVQ/LU0nKbglAXv03CQeWV1fcNVKwJrVJ5izTPDw=
github.com/faustbrian/golib/pkg/rule-engine v0.1.0/go.mod h1:Dl+t/9xLwd7UU7ks8WPh9SHL3J9rphkqtEWyIDf/PRM=
github.com/faustbrian/golib/pkg/temporal v0.1.0 h1:RBytFqpqxrMsYwhqNBDYr2eKLDBbovucxCD5rrM/JZU=
github.com/faustbrian/golib/pkg/temporal v0.1.0/go.mod h1:EQKyKpW2yyraWzF1SD6B1+EkvvGUBvUfYYbJepAxSi4=
