github.com/bahlo/generic-list-go v0.2.0 h1:5sz/EEAK+ls5wF+NeqDpk5+iNdMDXrh3z3nPnH1Wvgk=
github.com/bahlo/generic-list-go v0.2.0/go.mod h1:2KvAjgMlE5NNynlg/5iLrrCCZ2+5xWbdbCW3pNTGyYg=
github.com/buger/jsonparser v1.1.2 h1:frqHqw7otoVbk5M8LlE/L7HTnIq2v9RX6EJ48i9AxJk=
github.com/buger/jsonparser v1.1.2/go.mod h1:6RYKKt7H4d4+iWqouImQ9R2FZql3VbhNgx27UK13J/0=
github.com/davecgh/go-spew v1.1.1 h1:vj9j/u1bqnvCEfJOwUhtlOARqs3+rkHYY13jYWTU97c=
github.com/davecgh/go-spew v1.1.1/go.mod h1:J7Y8YcW2NihsgmVo/mv3lAwl/skON4iLHjSsI+c5H38=
github.com/dlclark/regexp2 v1.11.0 h1:G/nrcoOa7ZXlpoa/91N3X7mM3r8eIlMBBJZvsz/mxKI=
github.com/dlclark/regexp2 v1.11.0/go.mod h1:DHkYz0B9wPfa6wondMfaivmHpzrQ3v9q8cnmRbL6yW8=
github.com/dlclark/regexp2/v2 v2.5.1 h1:E5Ug7Dh264W1ymdySmiHNcDG7fmsR307APCE5R07a20=
github.com/dlclark/regexp2/v2 v2.5.1/go.mod h1:avUrQvPaLz2DrFNHJF0taWAFFX2C1GMSSoeiqFjcBmU=
github.com/faustbrian/golib/pkg/json-schema v0.1.0 h1:wYYvl9q5N94nlEqrkSZuegatVba4Lk7twKSKTnX0LjY=
github.com/faustbrian/golib/pkg/json-schema v0.1.0/go.mod h1:PqtuZ6UbKP+nfaCStw0R/FbNmgIsnwPxNq6g+VUdN9U=
github.com/faustbrian/golib/pkg/openapi v0.1.0 h1:26G5ojuqxfZhfJ55tqi1CBN+G0wpflO9E7uotFOPigc=
github.com/faustbrian/golib/pkg/openapi v0.1.0/go.mod h1:dk6trvwVnACTPglKvsYZKxzVBrYWwYWdytMm6dla2n4=
github.com/getkin/kin-openapi v0.143.0 h1:mIrOpir9J5x2m1vdree2rhuJ/GYGwbTVBp1kuSCJ62Y=
github.com/getkin/kin-openapi v0.143.0/go.mod h1:3BH9M9XDe/y9M5DSvEocVYAYq1w0qrhJHjC/vZi0AaY=
github.com/go-openapi/analysis v0.25.5 h1:xPYEvTb90o1y0epuiOPAoG4QqahjP3cdp5xNlHeKJRI=
github.com/go-openapi/analysis v0.25.5/go.mod h1:d3UGtQC5uq5Kqqqis2VH09Km/v3vwsWrYkbp4gdm+Rc=
github.com/go-openapi/errors v0.22.8 h1:oP7sW7TWc3wFFjrzzj0nI83H2qMBkNjNfSd+XRejk/I=
github.com/go-openapi/errors v0.22.8/go.mod h1:BuUoHcYrU6E7V9gfj1I5wLQqgtIHnup/alXZ8KdgQ0w=
github.com/go-openapi/jsonpointer v1.0.0 h1:kR9tHqY0CtZaOPVFm622dPVNhrvYpwr4uCxgL3h1H8s=
github.com/go-openapi/jsonpointer v1.0.0/go.mod h1:Z3rw7dWu1p9IgitXCFamSlA5lmDiklEB6vkaxcNZW5Y=
github.com/go-openapi/jsonreference v1.0.0 h1:jlmTr6torcd1YgDQvSfNmRtKzYDO4FGBkrAdlAVWnpY=
github.com/go-openapi/jsonreference v1.0.0/go.mod h1:jtwdyGbJk0Xhe5Y+rwtglQP6Sb1WZST4rT32LWB+sv0=
github.com/go-openapi/loads v0.25.0 h1:74Bc2snfaVlsHzwdQj/3gsA9XJz3daXTJVs+4ZaK7jI=
github.com/go-openapi/loads v0.25.0/go.mod h1:JFBw4SIB9+PTIFHDfcXuSSy5h6aWzjtUCrPYyx3qWU8=
github.com/go-openapi/spec v0.22.9 h1:/vKIFDcGKp0ktZWGbym/tJEWbk6/XOEmAVU0kqKMH+w=
github.com/go-openapi/spec v0.22.9/go.mod h1:b/mNUYIOQOyIiUzUzXEE8xzyZqf93KvM9hQGP91yfl0=
github.com/go-openapi/strfmt v0.27.0 h1:kbcTeaD9TXuXD0hhMXzuYa1sdTo6+dWGvwjW93E80IM=
github.com/go-openapi/strfmt v0.27.0/go.mod h1:s/qhDqfY72irigXUGJmtgid2Rm+3tnz3k8hZaRmvWYc=
github.com/go-openapi/swag/conv v0.27.3 h1:iqJFmGEjmX3AY0lSszABFqRVqOSt99XS0LzNIMJYuhU=
github.com/go-openapi/swag/conv v0.27.3/go.mod h1:nPRmN6jgNme99hpf+nM0auDZGALWIqlwhisKPK/bQhQ=
github.com/go-openapi/swag/jsonutils v0.27.3 h1:1DEz+O82frtSMBcos/7XIn1GnpNTbsD4Bru4Dc/uhRc=
github.com/go-openapi/swag/jsonutils v0.27.3/go.mod h1:qiDCoQvzkMxrV3G8FLEdIU5L+EFYc0zcDOHWT3Yofvo=
github.com/go-openapi/swag/jsonutils/fixtures_test v0.27.3 h1:h/eT9kmGCDdFLJF29lOhzLtF0FmP1AX2MhLJWVebsb8=
github.com/go-openapi/swag/jsonutils/fixtures_test v0.27.3/go.mod h1:mofwUWx70wvskwESqRJ//k/9kURmCgyJl5m5Ppoh5kY=
github.com/go-openapi/swag/loading v0.27.3 h1:L9nQkEgzU7QgFQL+pLEMfGUKxeM4pWwGwbET9Z3weW0=
github.com/go-openapi/swag/loading v0.27.3/go.mod h1:rJ0NeaKsF4CVPnMGjPQl7JlSHzvD0bc2DKXLss1hiuE=
github.com/go-openapi/swag/mangling v0.27.3 h1:gRzzD1PAUoLTtGMgI3KpBmCSOlTuLTFWnviLxLcTnyg=
github.com/go-openapi/swag/mangling v0.27.3/go.mod h1:jtBE2+V+3pILxOR7Vgce+Cwp6A2PgZbvVqfNntbVs0w=
github.com/go-openapi/swag/pools v0.27.3 h1:gXjImP3F6/56wRRcFgEPld084Y6u2gs21ikPBt8NKBk=
github.com/go-openapi/swag/pools v0.27.3/go.mod h1:kVQefhSK5RWuRe7BXsL8htgBPAMpN7HDGpGEknqugeE=
github.com/go-openapi/swag/stringutils v0.27.3 h1:Ru28hnbAvN5wycALQYy8IobHvASq+FUFMlp1QzLM0JI=
github.com/go-openapi/swag/stringutils v0.27.3/go.mod h1:lzRN95CxXmA03XcDWHLOb6nOMcxCqR5rGY0lOgsfRoM=
github.com/go-openapi/swag/typeutils v0.27.3 h1:l6SSrx5eR5/WVwrGNzN6bQ9WqL04mrxNBl9YgQ3rcJ4=
github.com/go-openapi/swag/typeutils v0.27.3/go.mod h1:Srm0xFNRZ1Y+vCxJclo5qzx8aj+1pAKda/YfFPrG0dQ=
github.com/go-openapi/swag/yamlutils v0.27.3 h1:cRFCAoYtslYn9L9T0xWryHy1t7c1MACC+DMj3CLvwvs=
github.com/go-openapi/swag/yamlutils v0.27.3/go.mod h1:6JYBGj8sw/NawMllyZY+cTA8Mzk2etS3ZBASdcyPsiU=
github.com/go-openapi/testify/enable/yaml/v2 v2.6.0 h1:gGHwAJ0R/5jU8BEGDbfRNR3hL68dAVi84WuOApp29B0=
github.com/go-openapi/testify/enable/yaml/v2 v2.6.0/go.mod h1:tY+St1SGq4NFl0QIqdTY4aEdbChAHxhyB77XQi9iJCo=
github.com/go-openapi/testify/v2 v2.6.0 h1:5PKH2HE7YJ/LuRPQGvSxBRlFXNQhSetBLlGAgUEu3ug=
github.com/go-openapi/testify/v2 v2.6.0/go.mod h1:SgsVHtfooshd0tublTtJ50FPKhujf47YRqauXXOUxfw=
github.com/go-viper/mapstructure/v2 v2.5.0 h1:vM5IJoUAy3d7zRSVtIwQgBj7BiWtMPfmPEgAXnvj1Ro=
github.com/go-viper/mapstructure/v2 v2.5.0/go.mod h1:oJDH3BJKyqBA2TXFhDsKDGDTlndYOZ6rGS0BRZIxGhM=
github.com/google/uuid v1.6.0 h1:NIvaJDMOsjHA8n1jAhLSgzrAzy1Hgr+hNrb57e+94F0=
github.com/google/uuid v1.6.0/go.mod h1:TIyPZe4MgqvfeYDBFedMoGGpEw/LqOeaOT+nhxU+yHo=
github.com/kr/pretty v0.3.1 h1:flRD4NNwYAUpkphVc1HcthR4KEIFJ65n8Mw5qdRn3LE=
github.com/kr/pretty v0.3.1/go.mod h1:hoEshYVHaxMs3cyo3Yncou5ZscifuDolrwPKZanG3xk=
github.com/kr/text v0.2.0 h1:5Nx0Ya0ZqY2ygV366QzturHI13Jq95ApcVaJBhpS+AY=
github.com/kr/text v0.2.0/go.mod h1:eLer722TekiGuMkidMxC/pM04lWEeraHUUmBw8l2grE=
github.com/oasdiff/yaml v0.1.1 h1:6nHx+pn9gBRM6YpBlFZFQGCCd1nuvqOBtTD3KKTgGxY=
github.com/oasdiff/yaml v0.1.1/go.mod h1:EYJNoyktvWMJ0Hmhx+6qTaqMOsalUaRGT8Sj1hNcegU=
github.com/oasdiff/yaml3 v0.0.14 h1:aLJee3hxBK2H5wdXd9iPcIXb93Nty1Ge0pT171eHtkw=
github.com/oasdiff/yaml3 v0.0.14/go.mod h1:csto2xfDjYccdUn/yw/bPjj/cYTdp6HtFA0J4TWG+gg=
github.com/oklog/ulid/v2 v2.1.1 h1:suPZ4ARWLOJLegGFiZZ1dFAkqzhMjL3J1TzI+5wHz8s=
github.com/oklog/ulid/v2 v2.1.1/go.mod h1:rcEKHmBBKfef9DhnvX7y1HZBYxjXb0cP5ExxNsTT1QQ=
github.com/pb33f/jsonpath v0.8.2 h1:Ou4C7zjYClBm97dfZjDCjdZGusJoynv/vrtiEKNfj2Y=
github.com/pb33f/jsonpath v0.8.2/go.mod h1:zBV5LJW4OQOPatmQE2QdKpGQJvhDTlE5IEj6ASaRNTo=
github.com/pb33f/libopenapi v0.38.7 h1:Q2jfgRPdnU38WW8wQvrX2HEPGiqsxj01PX1BHmAEihc=
github.com/pb33f/libopenapi v0.38.7/go.mod h1:naZ03Auhn7i+RJtMv8ck8l7Ag8E2/x2w66j9vsDFL38=
github.com/pb33f/ordered-map/v2 v2.3.1 h1:5319HDO0aw4DA4gzi+zv4FXU9UlSs3xGZ40wcP1nBjY=
github.com/pb33f/ordered-map/v2 v2.3.1/go.mod h1:qxFQgd0PkVUtOMCkTapqotNgzRhMPL7VvaHKbd1HnmQ=
github.com/pb33f/testify v0.1.0 h1:g48/HDU/jn2COspS4nM0scptxiKTJ4DnbX/4ehK6IZ8=
github.com/pb33f/testify v0.1.0/go.mod h1:nq283P/jJ8hXMmdhAqfj7BJIz0y+6IOHj9q0044rKt4=
github.com/pborman/getopt v0.0.0-20170112200414-7148bc3a4c30/go.mod h1:85jBQOZwpVEaDAr341tbn15RS4fCAsIst0qp7i8ex1o=
github.com/pmezard/go-difflib v1.0.0 h1:4DBwDE0NGyQoBHbLQYPwSUPoCMWR5BEzIk/f1lZbAQM=
github.com/pmezard/go-difflib v1.0.0/go.mod h1:iKH77koFhYxTK1pcRnkKkqfTogsbg7gZNVY4sRDYZ/4=
github.com/rogpeppe/go-internal v1.15.0 h1:D0RCU5rMAp+SpgkiNdrjfJ+LX4J1M32V2NeCY7EJ6hc=
github.com/rogpeppe/go-internal v1.15.0/go.mod h1:DrUVZyrJU+txYW5/1kwtXQSMFio52ZOxX7yM1VHvnxs=
github.com/santhosh-tekuri/jsonschema/v6 v6.0.2 h1:KRzFb2m7YtdldCEkzs6KqmJw4nqEVZGK7IN2kJkjTuQ=
github.com/santhosh-tekuri/jsonschema/v6 v6.0.2/go.mod h1:JXeL+ps8p7/KNMjDQk3TCwPpBy0wYklyWTfbkIzdIFU=
github.com/stretchr/testify v1.11.1 h1:7s2iGBzp5EwR7/aIZr8ao5+dra3wiQyKjjFuvgVKu7U=
github.com/stretchr/testify v1.11.1/go.mod h1:wZwfW3scLgRK+23gO65QZefKpKQRnfz6sD981Nm4B6U=
go.yaml.in/yaml/v3 v3.0.4 h1:tfq32ie2Jv2UxXFdLJdh3jXuOzWiL1fo0bu/FbuKpbc=
go.yaml.in/yaml/v3 v3.0.4/go.mod h1:DhzuOOF2ATzADvBadXxruRBLzYTpT36CKvDb3+aBEFg=
go.yaml.in/yaml/v4 v4.0.0-rc.6 h1:1h7H1ohdUh93/FyE4YaDa1Zh64K6VVbjF4K6WUxMtH4=
go.yaml.in/yaml/v4 v4.0.0-rc.6/go.mod h1:aZqd9kCMsGL7AuUv/m/PvWLdg5sjJsZ4oHDEnfPPfY0=
golang.org/x/net v0.57.0 h1:K5+3DljvIuDG9/Jv9rvyMywYNFCQ9RSUY6OOTTkT+tE=
golang.org/x/net v0.57.0/go.mod h1:KpXc8iv+r3XplLAG/f7Jsf9RPszJzdR0f58q9vGOuEU=
golang.org/x/sync v0.22.0 h1:SZjpbeLmrCk4xhRSZFNZW5gFUeCeFgjekvI/+gfScek=
golang.org/x/sync v0.22.0/go.mod h1:9xrNwdLfx4jkKbNva9FpL6vEN7evnE43NNNJQ2LF3+0=
golang.org/x/text v0.40.0 h1:Ub2Z6/xjgF1WrYQz2nuITOEegKFtiIy+rieRJ5lHZKs=
golang.org/x/text v0.40.0/go.mod h1:hpnzDAfGV753zIKo+wk3u1bVKCGPbrnF7+7LBF/UHVY=
gopkg.in/check.v1 v0.0.0-20161208181325-20d25e280405/go.mod h1:Co6ibVJAznAaIkqp8huTwlJQCZ016jof/cbN4VW5Yz0=
gopkg.in/check.v1 v1.0.0-20201130134442-10cb98267c6c h1:Hei/4ADfdWqJk1ZMxUNpqntNwaWcugrBjAiHlqqRiVk=
gopkg.in/check.v1 v1.0.0-20201130134442-10cb98267c6c/go.mod h1:JHkPIbrfpd72SG/EVd6muEfDQjcINNoR0C8j2r3qZ4Q=
gopkg.in/yaml.v3 v3.0.1 h1:fxVm/GzAzEWqLHuvctI91KS9hhNmmWOoWu0XTYJS7CA=
gopkg.in/yaml.v3 v3.0.1/go.mod h1:K4uyk7z7BCEPqu6E+C64Yfv1cQ7kz7rIZviUmN+EgEM=
