github.com/davecgh/go-spew v1.1.1 h1:vj9j/u1bqnvCEfJOwUhtlOARqs3+rkHYY13jYWTU97c=
github.com/davecgh/go-spew v1.1.1/go.mod h1:J7Y8YcW2NihsgmVo/mv3lAwl/skON4iLHjSsI+c5H38=
github.com/faustbrian/golib/pkg/event-sourcing v0.1.0 h1:/EMJQsZfc9tW2Gmi5Fi/zLnOhlM4nk1OQ1LniIqXwdU=
github.com/faustbrian/golib/pkg/event-sourcing v0.1.0/go.mod h1:b1EJUeRzVw7Xc9idziGzPnLDbYYJa3lPCy7UvitxhWw=
github.com/google/uuid v1.6.0 h1:NIvaJDMOsjHA8n1jAhLSgzrAzy1Hgr+hNrb57e+94F0=
github.com/google/uuid v1.6.0/go.mod h1:TIyPZe4MgqvfeYDBFedMoGGpEw/LqOeaOT+nhxU+yHo=
github.com/hallgren/eventsourcing v0.9.1 h1:fhQsV84REgYoaPlVOUsSYiECyhxt2Db9Il1AX0M6hos=
github.com/hallgren/eventsourcing v0.9.1/go.mod h1:Uua4j/q+bH8PkKrAXIYK5YERgXNqI+k4cm5NzN2Lj8Y=
github.com/hallgren/eventsourcing/core v0.5.2 h1:knvM1jP0zziiybce+Au7ysYvZQnDwxkV+/RFZWNDMiw=
github.com/hallgren/eventsourcing/core v0.5.2/go.mod h1:rgo2kFwNVCb0bzUub5nOPlUYNlFkp1uUQBEQx5fM3Lk=
github.com/looplab/eventhorizon v0.17.0 h1:gK62mIT4FyyOgmQst2z7AzHHSI45StBIui3ynlms7gU=
github.com/looplab/eventhorizon v0.17.0/go.mod h1:+9dba0VydZ1HYAH6/TLnEDrOPI/r/8swSGOD5ZtZPxA=
github.com/pmezard/go-difflib v1.0.0 h1:4DBwDE0NGyQoBHbLQYPwSUPoCMWR5BEzIk/f1lZbAQM=
github.com/pmezard/go-difflib v1.0.0/go.mod h1:iKH77koFhYxTK1pcRnkKkqfTogsbg7gZNVY4sRDYZ/4=
github.com/segmentio/ksuid v1.0.4 h1:sBo2BdShXjmcugAMwjugoGUdUV0pcxY5mW4xKRn3v4c=
github.com/segmentio/ksuid v1.0.4/go.mod h1:/XUiZBD3kVx5SmUOl55voK5yeAbBNNIed+2O73XgrPE=
github.com/stretchr/testify v1.11.1 h1:7s2iGBzp5EwR7/aIZr8ao5+dra3wiQyKjjFuvgVKu7U=
github.com/stretchr/testify v1.11.1/go.mod h1:wZwfW3scLgRK+23gO65QZefKpKQRnfz6sD981Nm4B6U=
github.com/thefabric-io/eventsourcing v0.6.0 h1:r2UKpbYSWagHa/5+D8NnxDsXhfVAwXL2yPtLtNgRD84=
github.com/thefabric-io/eventsourcing v0.6.0/go.mod h1:NXaUKuSFx02uztlri6vkbVoYAEON4eu/9rnpjcDt6ZI=
gopkg.in/yaml.v3 v3.0.1 h1:fxVm/GzAzEWqLHuvctI91KS9hhNmmWOoWu0XTYJS7CA=
gopkg.in/yaml.v3 v3.0.1/go.mod h1:K4uyk7z7BCEPqu6E+C64Yfv1cQ7kz7rIZviUmN+EgEM=
