github.com/avast/retry-go/v4 v4.7.0 h1:yjDs35SlGvKwRNSykujfjdMxMhMQQM0TnIjJaHB+Zio=
github.com/avast/retry-go/v4 v4.7.0/go.mod h1:ZMPDa3sY2bKgpLtap9JRUgk2yTAba7cgiFhqxY2Sg6Q=
github.com/bits-and-blooms/bitset v1.24.4 h1:95H15Og1clikBrKr/DuzMXkQzECs1M6hhoGXLwLQOZE=
github.com/bits-and-blooms/bitset v1.24.4/go.mod h1:7hO7Gc7Pp1vODcmWvKMRA9BNmbv6a/7QIWpPxHddWR8=
github.com/cenkalti/backoff/v5 v5.0.3 h1:ZN+IMa753KfX5hd8vVaMixjnqRZ3y8CuJKRKj1xcsSM=
github.com/cenkalti/backoff/v5 v5.0.3/go.mod h1:rkhZdG3JZukswDf7f0cwqPNk4K0sa+F97BxZthm/crw=
github.com/failsafe-go/failsafe-go v0.9.6 h1:vPSH2cry0Ee5cnR9wc9qshCDO6jdrMA9elBJNwyo4Uk=
github.com/failsafe-go/failsafe-go v0.9.6/go.mod h1:IeRpglkcwzKagjDMh90ZhN2l4Ovt3+jemQBUbThag54=
github.com/faustbrian/golib/pkg/bulkhead v0.0.0 h1:7lSawJ4bFRLZ17yY7385qQIjcsH3+YiHT0OB8Fm4LOs=
github.com/faustbrian/golib/pkg/bulkhead v0.0.0/go.mod h1:biw9+GOl6gTzD362QBtlkOxhyaJjmfMCRqqgWHjB018=
github.com/faustbrian/golib/pkg/circuit-breaker v0.0.0 h1:Um0fYki7fOzKRPmwrfQWKhpHC3flMfGir0fHFF0FBAE=
github.com/faustbrian/golib/pkg/circuit-breaker v0.0.0/go.mod h1:kEVuBh7MknKF+IhPDXA4Ajdv6yno9g04LFytLd6W2Go=
github.com/faustbrian/golib/pkg/resilience v0.0.0 h1:GFYy5BUjzG5LhqB7Km3jy1jRqbzJXegqemLNQ9FvVPQ=
github.com/faustbrian/golib/pkg/resilience v0.0.0/go.mod h1:EsNyASByewMA2L/xGhOOZeDVYeifPYVz2k9APLSZIfE=
github.com/faustbrian/golib/pkg/retry v0.0.0 h1:2fdGQoX0m8+4XE+p/c4UWV26I9GM++rBImp0io9kPXE=
github.com/faustbrian/golib/pkg/retry v0.0.0/go.mod h1:55Vt75oOH02NTVfTw0xvxgj5Zq4l2bLDt/jA43zB5a8=
go.uber.org/goleak v1.3.0 h1:2K3zAYmnTNqV73imy9J1T3WC+gmCePx2hEGkimedGto=
go.uber.org/goleak v1.3.0/go.mod h1:CoHD4mav9JJNrW/WLlf7HGZPjdw8EucARQHekz1X6bE=
golang.org/x/sync v0.22.0 h1:SZjpbeLmrCk4xhRSZFNZW5gFUeCeFgjekvI/+gfScek=
golang.org/x/sync v0.22.0/go.mod h1:9xrNwdLfx4jkKbNva9FpL6vEN7evnE43NNNJQ2LF3+0=
