github.com/avast/retry-go/v4 v4.7.0 h1:yjDs35SlGvKwRNSykujfjdMxMhMQQM0TnIjJaHB+Zio=
github.com/avast/retry-go/v4 v4.7.0/go.mod h1:ZMPDa3sY2bKgpLtap9JRUgk2yTAba7cgiFhqxY2Sg6Q=
github.com/bits-and-blooms/bitset v1.24.4 h1:95H15Og1clikBrKr/DuzMXkQzECs1M6hhoGXLwLQOZE=
github.com/bits-and-blooms/bitset v1.24.4/go.mod h1:7hO7Gc7Pp1vODcmWvKMRA9BNmbv6a/7QIWpPxHddWR8=
github.com/cenkalti/backoff/v5 v5.0.3 h1:ZN+IMa753KfX5hd8vVaMixjnqRZ3y8CuJKRKj1xcsSM=
github.com/cenkalti/backoff/v5 v5.0.3/go.mod h1:rkhZdG3JZukswDf7f0cwqPNk4K0sa+F97BxZthm/crw=
github.com/failsafe-go/failsafe-go v0.9.6 h1:vPSH2cry0Ee5cnR9wc9qshCDO6jdrMA9elBJNwyo4Uk=
github.com/failsafe-go/failsafe-go v0.9.6/go.mod h1:IeRpglkcwzKagjDMh90ZhN2l4Ovt3+jemQBUbThag54=
github.com/faustbrian/golib/pkg/bulkhead v0.0.0 h1:+EWMmtFY/UCsVTrppm+7pMGjhXHcdpUw7trX85H2/ds=
github.com/faustbrian/golib/pkg/bulkhead v0.0.0/go.mod h1:C1Etjb4F0Rv9BAiTtW4hvwipS6YFXCTyaV2tHI6FD8w=
github.com/faustbrian/golib/pkg/circuit-breaker v0.0.0 h1:BWe4S8BF5HsENUI8QEcQvldC5ZJ6GRFls6swQhhBP6A=
github.com/faustbrian/golib/pkg/circuit-breaker v0.0.0/go.mod h1:q9bCd4jS04tWzjhb1OdUj99yBlXrHjrBtl9+H16aqBs=
github.com/faustbrian/golib/pkg/resilience v0.0.0 h1:YOgwc0C+jFZd7JHfCQUdYielbyTo7KZjdkIlmY9c534=
github.com/faustbrian/golib/pkg/resilience v0.0.0/go.mod h1:xwwwPOI8l7cRlD9mt8pIF4iKg6J5ZT3bsSv/Q2uZc+c=
github.com/faustbrian/golib/pkg/retry v0.0.0 h1:/wOXJL1pFTtqON10n5MvI8SeV0ee1p91RkpxKCLC5e8=
github.com/faustbrian/golib/pkg/retry v0.0.0/go.mod h1:RY+0Aifg7B7/9IkfdNbDAd8tlec9jCiFDqJ7FhBvcZA=
go.uber.org/goleak v1.3.0 h1:2K3zAYmnTNqV73imy9J1T3WC+gmCePx2hEGkimedGto=
go.uber.org/goleak v1.3.0/go.mod h1:CoHD4mav9JJNrW/WLlf7HGZPjdw8EucARQHekz1X6bE=
golang.org/x/sync v0.22.0 h1:SZjpbeLmrCk4xhRSZFNZW5gFUeCeFgjekvI/+gfScek=
golang.org/x/sync v0.22.0/go.mod h1:9xrNwdLfx4jkKbNva9FpL6vEN7evnE43NNNJQ2LF3+0=
