github.com/faustbrian/golib/pkg/calendar v0.0.0 h1:Pf6bx7/HZ46ma14NKyDT7m9cYxqyf7jAvrq9eYgmM/Y=
github.com/faustbrian/golib/pkg/calendar v0.0.0/go.mod h1:kUFdwHRz1PDYZgS07vmwpvvhWesVp9VdZuwY4sTp+oU=
github.com/faustbrian/golib/pkg/rule-engine v0.0.0 h1:PdQBvsVZukNCTu4/mVm6MbpCOYLSY5XuGLhL45sE9GQ=
github.com/faustbrian/golib/pkg/rule-engine v0.0.0/go.mod h1:4hEpAVId5S2zydBDB8Lc7Y9s65g8uhJUeZuOyeMx8UI=
github.com/faustbrian/golib/pkg/temporal v0.0.0 h1:FvuGW1meETM0xH1xZDgA39vB8MT0hcc8i+0K1cyBi4U=
github.com/faustbrian/golib/pkg/temporal v0.0.0/go.mod h1:79Nk/lFcLtsGBO772fPA/WBofBpoN368amzQhOZ2h3s=
