github.com/cespare/xxhash/v2 v2.3.0 h1:UL815xU9SqsFlibzuggzjXhog7bL6oX9BbNZnL2UFvs=
github.com/cespare/xxhash/v2 v2.3.0/go.mod h1:VGX0DQ3Q6kWi7AoAeZDth3/j3BFtOZR5XLFGgcrjCOs=
github.com/creack/pty v1.1.9/go.mod h1:oKZEueFk5CKHvIhNR5MUki03XCEU+Q6VDXinZuGJ33E=
github.com/davecgh/go-spew v1.1.1 h1:vj9j/u1bqnvCEfJOwUhtlOARqs3+rkHYY13jYWTU97c=
github.com/davecgh/go-spew v1.1.1/go.mod h1:J7Y8YcW2NihsgmVo/mv3lAwl/skON4iLHjSsI+c5H38=
github.com/dlclark/regexp2/v2 v2.5.1 h1:E5Ug7Dh264W1ymdySmiHNcDG7fmsR307APCE5R07a20=
github.com/dlclark/regexp2/v2 v2.5.1/go.mod h1:avUrQvPaLz2DrFNHJF0taWAFFX2C1GMSSoeiqFjcBmU=
github.com/faustbrian/golib/pkg/authentication v0.0.0 h1:KFLckrtE3UcI6JA62y024Rw2orGfyc8Dk+X0JPLj4R8=
github.com/faustbrian/golib/pkg/authentication v0.0.0/go.mod h1:UW+qybetDpokZ8wQiTMSQxxdwkbFfDXoe+qzevZWZLE=
github.com/faustbrian/golib/pkg/authorization v0.0.0 h1:iDoC0QEzu6dXHYijKQuKrIY9yKtM+iBLN9XyTb1PHkM=
github.com/faustbrian/golib/pkg/authorization v0.0.0/go.mod h1:0B/TP6pybgPn+2m/UkiXo2heXOFDSSM2cMcWdh+jVEE=
github.com/faustbrian/golib/pkg/circuit-breaker v0.0.0 h1:Zopsz7UuqhWSz0P4ts/tqf3idM8LtHTg7+cadP2RIjw=
github.com/faustbrian/golib/pkg/circuit-breaker v0.0.0/go.mod h1:kEVuBh7MknKF+IhPDXA4Ajdv6yno9g04LFytLd6W2Go=
github.com/faustbrian/golib/pkg/clock v0.0.0 h1:LxXCj/gJyWJY7kmmXVpNMPb/A/W5VXeRTwaRNAL1JFQ=
github.com/faustbrian/golib/pkg/clock v0.0.0/go.mod h1:iIVOjXnoiQBzk1Ey+hNiTldtrZ736j9Mmb+/m3rK1SM=
github.com/faustbrian/golib/pkg/correlation v0.0.0 h1:E/eo/dzqUCncKp9BEZq83RijZQoLSbonMAjd3drCQaw=
github.com/faustbrian/golib/pkg/correlation v0.0.0/go.mod h1:u1h1L5qigsIB/SXQfCH1O8IgUxHsDKmN6YlcFKNbZP8=
github.com/faustbrian/golib/pkg/http-client v0.0.0 h1:apzlL9IAA4/DaWNxBp1+w7XQ1AncVnSb78V+YCqfkpg=
github.com/faustbrian/golib/pkg/http-client v0.0.0/go.mod h1:3MzPvibUSnB+OoeFJCfs3C2FWJfvS/tnt4/3rmihC6Y=
github.com/faustbrian/golib/pkg/http-middleware v0.0.0 h1:k9OGGGur7feWEZk7SWSD63Q8MVFOAp5GuROMilrNNeE=
github.com/faustbrian/golib/pkg/http-middleware v0.0.0/go.mod h1:27HGRr/UO0s61jClCLiG94WwuHfBOGANS7weGWvRrYY=
github.com/faustbrian/golib/pkg/identifier v0.0.0 h1:MmNPl/G3R0CL+eveT1ecmbwPyynFXSX8J6o4vpF+8qM=
github.com/faustbrian/golib/pkg/identifier v0.0.0/go.mod h1:MgEu9PtjFwf/1X5txqpBtgtCxcFOoggzoW0qqN6uqAM=
github.com/faustbrian/golib/pkg/json-schema v0.0.0 h1:Gy+URP/Krnx7Rptir0IzUKxjZSeSIULmOglPIDv909Q=
github.com/faustbrian/golib/pkg/json-schema v0.0.0/go.mod h1:PqtuZ6UbKP+nfaCStw0R/FbNmgIsnwPxNq6g+VUdN9U=
github.com/faustbrian/golib/pkg/jsonapi v0.0.0 h1:q7E0w5XZ3a3Jx2MnOhYdHgJDp+54IyaUaNzvNYdLzT0=
github.com/faustbrian/golib/pkg/jsonapi v0.0.0/go.mod h1:XFuI+hNgwttBHrMXp1vQHJkHPv4aO9eM/yUN8SPsg6s=
github.com/faustbrian/golib/pkg/jsonrpc v0.0.0 h1:4p0NDMHmqLSFOWfnuWJ/ZYtzYMD/fBOvYlhO2xuYA94=
github.com/faustbrian/golib/pkg/jsonrpc v0.0.0/go.mod h1:SlvRp04pO/6G5OhuVerNzTIQ3tgNMHbwhAqEGsw3aTk=
github.com/faustbrian/golib/pkg/log v0.0.0 h1:elMI5dfFNtccjO5Kr5GMEJXuF1WcpTVsnXc/FyF505Q=
github.com/faustbrian/golib/pkg/log v0.0.0/go.mod h1:IFYZXpkmwQNbFyD2e4MtK3ZNXxT+taCqfFyZDWBP96I=
github.com/faustbrian/golib/pkg/openapi v0.0.0 h1:iEapq+XLUsECR9T09kK+/J9/PRWUEDOoM4pgt7BFX84=
github.com/faustbrian/golib/pkg/openapi v0.0.0/go.mod h1:YUD9k9dQ+suU0nXl61vzE3R1WonohE4bcv1wG1TmtA4=
github.com/faustbrian/golib/pkg/router v0.0.0 h1:bL6Xz3+fFOnGEhrkGqmVMhwS+1qLPW0o1vwWgUD65Yo=
github.com/faustbrian/golib/pkg/router v0.0.0/go.mod h1:8GMr8KoMNIgZ7IJ440vqA9W2X7L+/mGPKyaFd2aPXlg=
github.com/faustbrian/golib/pkg/service v0.0.0 h1:0Nq49swK1a5f3wwEFjHw2gdsI6reD9aWZOL1peykDJ4=
github.com/faustbrian/golib/pkg/service v0.0.0/go.mod h1:81lRr4BzZUe4NjcpPtzgbuU3YKVmtVUTk0IllDvBR60=
github.com/felixge/httpsnoop v1.1.0 h1:3YtUj32ZZkqZtt3sZZsClsymw/QDuVfpNhoA31zeORc=
github.com/felixge/httpsnoop v1.1.0/go.mod h1:Zqxgdd+1Rkcz8euOqdr7lqgCRJztwr5hp9vDSi5UZCE=
github.com/gofrs/uuid/v5 v5.3.2 h1:2jfO8j3XgSwlz/wHqemAEugfnTlikAYHhnqQ8Xh4fE0=
github.com/gofrs/uuid/v5 v5.3.2/go.mod h1:CDOjlDMVAtN56jqyRUZh58JT31Tiw7/oQyEXZV+9bD8=
github.com/google/uuid v1.6.0 h1:NIvaJDMOsjHA8n1jAhLSgzrAzy1Hgr+hNrb57e+94F0=
github.com/google/uuid v1.6.0/go.mod h1:TIyPZe4MgqvfeYDBFedMoGGpEw/LqOeaOT+nhxU+yHo=
github.com/jackc/pgpassfile v1.0.0 h1:/6Hmqy13Ss2zCq62VdNG8tM1wchn8zjSGOBJ6icpsIM=
github.com/jackc/pgpassfile v1.0.0/go.mod h1:CEx0iS5ambNFdcRtxPj5JhEz+xB6uRky5eyVu/W2HEg=
github.com/jackc/pgservicefile v0.0.0-20240606120523-5a60cdf6a761 h1:iCEnooe7UlwOQYpKFhBabPMi4aNAfoODPEFNiAnClxo=
github.com/jackc/pgservicefile v0.0.0-20240606120523-5a60cdf6a761/go.mod h1:5TJZWKEWniPve33vlWYSoGYefn3gLQRzjfDlhSJ9ZKM=
github.com/jackc/pgx/v5 v5.10.0 h1:VhSvgU2jSli8o3AqIEOTJr7rZwAEUVo4E4XhR94Zfr0=
github.com/jackc/pgx/v5 v5.10.0/go.mod h1:mal1tBGAFfLHvZzaYh77YS/eC6IX9OWbRV1QIIM0Jn4=
github.com/jackc/puddle/v2 v2.2.2 h1:PR8nw+E/1w0GLuRFSmiioY6UooMp6KJv0/61nB7icHo=
github.com/jackc/puddle/v2 v2.2.2/go.mod h1:vriiEXHvEE654aYKXXjOvZM39qJ0q+azkZFrfEOc3H4=
github.com/kr/pretty v0.3.0 h1:WgNl7dwNpEZ6jJ9k1snq4pZsg7DOEN8hP9Xw0Tsjwk0=
github.com/kr/pretty v0.3.0/go.mod h1:640gp4NfQd8pI5XOwp5fnNeVWj67G7CFk/SaSQn7NBk=
github.com/kr/text v0.2.0 h1:5Nx0Ya0ZqY2ygV366QzturHI13Jq95ApcVaJBhpS+AY=
github.com/kr/text v0.2.0/go.mod h1:eLer722TekiGuMkidMxC/pM04lWEeraHUUmBw8l2grE=
github.com/matoous/go-nanoid/v2 v2.1.0 h1:P64+dmq21hhWdtvZfEAofnvJULaRR1Yib0+PnU669bE=
github.com/matoous/go-nanoid/v2 v2.1.0/go.mod h1:KlbGNQ+FhrUNIHUxZdL63t7tl4LaPkZNpUULS8H4uVM=
github.com/oklog/ulid/v2 v2.1.1 h1:suPZ4ARWLOJLegGFiZZ1dFAkqzhMjL3J1TzI+5wHz8s=
github.com/oklog/ulid/v2 v2.1.1/go.mod h1:rcEKHmBBKfef9DhnvX7y1HZBYxjXb0cP5ExxNsTT1QQ=
github.com/pmezard/go-difflib v1.0.0 h1:4DBwDE0NGyQoBHbLQYPwSUPoCMWR5BEzIk/f1lZbAQM=
github.com/pmezard/go-difflib v1.0.0/go.mod h1:iKH77koFhYxTK1pcRnkKkqfTogsbg7gZNVY4sRDYZ/4=
github.com/rogpeppe/go-internal v1.15.0 h1:D0RCU5rMAp+SpgkiNdrjfJ+LX4J1M32V2NeCY7EJ6hc=
github.com/rogpeppe/go-internal v1.15.0/go.mod h1:DrUVZyrJU+txYW5/1kwtXQSMFio52ZOxX7yM1VHvnxs=
github.com/segmentio/ksuid v1.0.4 h1:sBo2BdShXjmcugAMwjugoGUdUV0pcxY5mW4xKRn3v4c=
github.com/segmentio/ksuid v1.0.4/go.mod h1:/XUiZBD3kVx5SmUOl55voK5yeAbBNNIed+2O73XgrPE=
github.com/stretchr/testify v1.11.1 h1:7s2iGBzp5EwR7/aIZr8ao5+dra3wiQyKjjFuvgVKu7U=
github.com/stretchr/testify v1.11.1/go.mod h1:wZwfW3scLgRK+23gO65QZefKpKQRnfz6sD981Nm4B6U=
go.jetify.com/typeid/v2 v2.0.0-alpha.3 h1:T6RPx6bNl10lp0JN2Xz/XcgLZWSlVmL58Xqy9cgTCcc=
go.jetify.com/typeid/v2 v2.0.0-alpha.3/go.mod h1:zfD1ZDHDJNgXZANsO9jDOD81XRRQ0zAOnDBEHmIV/Gw=
go.opentelemetry.io/otel v1.44.0 h1:JjwHmHpA4iZ3wBxluu2fbbE7j4kqlE8jXyAyPXH7HqU=
go.opentelemetry.io/otel v1.44.0/go.mod h1:BMgjTHL9WPRlRjL2oZCBTL4whCGtXch2H4BhOPIAyYc=
go.opentelemetry.io/otel/trace v1.44.0 h1:jxF5CsGYCe74MCRx2X4g7WsY/VBKRqqpNvXlX/6gtIk=
go.opentelemetry.io/otel/trace v1.44.0/go.mod h1:oLl1jrMQAVo6v3GAggN+1VH9VIz9iUSvW53sW1Q8PIE=
go.uber.org/goleak v1.3.0 h1:2K3zAYmnTNqV73imy9J1T3WC+gmCePx2hEGkimedGto=
go.uber.org/goleak v1.3.0/go.mod h1:CoHD4mav9JJNrW/WLlf7HGZPjdw8EucARQHekz1X6bE=
go.yaml.in/yaml/v3 v3.0.4 h1:tfq32ie2Jv2UxXFdLJdh3jXuOzWiL1fo0bu/FbuKpbc=
go.yaml.in/yaml/v3 v3.0.4/go.mod h1:DhzuOOF2ATzADvBadXxruRBLzYTpT36CKvDb3+aBEFg=
golang.org/x/net v0.57.0 h1:K5+3DljvIuDG9/Jv9rvyMywYNFCQ9RSUY6OOTTkT+tE=
golang.org/x/net v0.57.0/go.mod h1:KpXc8iv+r3XplLAG/f7Jsf9RPszJzdR0f58q9vGOuEU=
golang.org/x/oauth2 v0.36.0 h1:peZ/1z27fi9hUOFCAZaHyrpWG5lwe0RJEEEeH0ThlIs=
golang.org/x/oauth2 v0.36.0/go.mod h1:YDBUJMTkDnJS+A4BP4eZBjCqtokkg1hODuPjwiGPO7Q=
golang.org/x/sync v0.22.0 h1:SZjpbeLmrCk4xhRSZFNZW5gFUeCeFgjekvI/+gfScek=
golang.org/x/sync v0.22.0/go.mod h1:9xrNwdLfx4jkKbNva9FpL6vEN7evnE43NNNJQ2LF3+0=
golang.org/x/text v0.40.0 h1:Ub2Z6/xjgF1WrYQz2nuITOEegKFtiIy+rieRJ5lHZKs=
golang.org/x/text v0.40.0/go.mod h1:hpnzDAfGV753zIKo+wk3u1bVKCGPbrnF7+7LBF/UHVY=
gopkg.in/check.v1 v0.0.0-20161208181325-20d25e280405/go.mod h1:Co6ibVJAznAaIkqp8huTwlJQCZ016jof/cbN4VW5Yz0=
gopkg.in/check.v1 v1.0.0-20201130134442-10cb98267c6c h1:Hei/4ADfdWqJk1ZMxUNpqntNwaWcugrBjAiHlqqRiVk=
gopkg.in/check.v1 v1.0.0-20201130134442-10cb98267c6c/go.mod h1:JHkPIbrfpd72SG/EVd6muEfDQjcINNoR0C8j2r3qZ4Q=
gopkg.in/yaml.v3 v3.0.1 h1:fxVm/GzAzEWqLHuvctI91KS9hhNmmWOoWu0XTYJS7CA=
gopkg.in/yaml.v3 v3.0.1/go.mod h1:K4uyk7z7BCEPqu6E+C64Yfv1cQ7kz7rIZviUmN+EgEM=
