github.com/cespare/xxhash/v2 v2.3.0 h1:UL815xU9SqsFlibzuggzjXhog7bL6oX9BbNZnL2UFvs=
github.com/cespare/xxhash/v2 v2.3.0/go.mod h1:VGX0DQ3Q6kWi7AoAeZDth3/j3BFtOZR5XLFGgcrjCOs=
github.com/creack/pty v1.1.9/go.mod h1:oKZEueFk5CKHvIhNR5MUki03XCEU+Q6VDXinZuGJ33E=
github.com/davecgh/go-spew v1.1.1 h1:vj9j/u1bqnvCEfJOwUhtlOARqs3+rkHYY13jYWTU97c=
github.com/davecgh/go-spew v1.1.1/go.mod h1:J7Y8YcW2NihsgmVo/mv3lAwl/skON4iLHjSsI+c5H38=
github.com/dlclark/regexp2/v2 v2.5.1 h1:E5Ug7Dh264W1ymdySmiHNcDG7fmsR307APCE5R07a20=
github.com/dlclark/regexp2/v2 v2.5.1/go.mod h1:avUrQvPaLz2DrFNHJF0taWAFFX2C1GMSSoeiqFjcBmU=
github.com/faustbrian/golib/pkg/authentication v0.0.0 h1:gvRLO75nybDL4vp2t47LJDZ0CXqu1qrXYtmEMIlkddw=
github.com/faustbrian/golib/pkg/authentication v0.0.0/go.mod h1:GWNCY5nHatXLGfHJDZZrV+kJ6a7GWh/HP7fY8vRS4AM=
github.com/faustbrian/golib/pkg/authorization v0.0.0 h1:cnqjfLuHBKserlnv7o9kLJBgNGYOEAT5ehmdpOBMV9A=
github.com/faustbrian/golib/pkg/authorization v0.0.0/go.mod h1:auf+4m26SzgojJ8B4rdDSYU+0MAOKORbgofw7qMhZL8=
github.com/faustbrian/golib/pkg/circuit-breaker v0.0.0 h1:BWe4S8BF5HsENUI8QEcQvldC5ZJ6GRFls6swQhhBP6A=
github.com/faustbrian/golib/pkg/circuit-breaker v0.0.0/go.mod h1:q9bCd4jS04tWzjhb1OdUj99yBlXrHjrBtl9+H16aqBs=
github.com/faustbrian/golib/pkg/clock v0.0.0 h1:UCADG0+qM12Az5YpXmVfL8q7haIdxMrq4Lj47fFy7kc=
github.com/faustbrian/golib/pkg/clock v0.0.0/go.mod h1:7ZJjTTwqbvVkMr+FEhDGVLz6dwL0stHG0Q0z7yLw0w4=
github.com/faustbrian/golib/pkg/correlation v0.0.0 h1:J68otsSgc2ZiXrsDatOaNySYrD9ocf0akN0AieDLI7M=
github.com/faustbrian/golib/pkg/correlation v0.0.0/go.mod h1:AgAvo8PAirD9NVr/5YmuvChVCo3qZ9x8NjmeqrsYu5s=
github.com/faustbrian/golib/pkg/http-client v0.0.0 h1:1GJcF/+0psjgEZWEePxS6YdwSLSllSDirYD5UzWMI7w=
github.com/faustbrian/golib/pkg/http-client v0.0.0/go.mod h1:T09ULfBFFyGAPRTf6T/w+onyyv86TFqTZoalXanUzKU=
github.com/faustbrian/golib/pkg/http-middleware v0.0.0 h1:8b28AEH+G1N9sjOQZaAo7SGkc6wdHYNosU7A6pJs0K8=
github.com/faustbrian/golib/pkg/http-middleware v0.0.0/go.mod h1:kSku3r3f7AwRsaKIaw7VLQ7e2V5hRflwJ44RoaEeLUw=
github.com/faustbrian/golib/pkg/identifier v0.0.0 h1:kbGjpz2M7HvoaK6eXinQb1LqpIisd7962xsEi8zyB8o=
github.com/faustbrian/golib/pkg/identifier v0.0.0/go.mod h1:xrFGzJDCfycyZjx7xTL9f7a9rKRTYYi7LfDl5fOQwP4=
github.com/faustbrian/golib/pkg/json-schema v0.0.0 h1:foxnnv39BDwO7nGFhL4E50VMXuOclX5ftLUNd6zhxvg=
github.com/faustbrian/golib/pkg/json-schema v0.0.0/go.mod h1:+UEMhubBZgAVBew+602fQKap7WyKqJKUlsTgN/BbVJo=
github.com/faustbrian/golib/pkg/jsonapi v0.0.0 h1:JvLBbdAL/j3fmF2nhXpW6be7G0+joye+tEulnSrOCkI=
github.com/faustbrian/golib/pkg/jsonapi v0.0.0/go.mod h1:iScSEdRza9+odIAm5WHtMpHU1vV7z2/yaWdcC7ia19A=
github.com/faustbrian/golib/pkg/jsonrpc v0.0.0 h1:Y6PkihyyvIloNJZZKCUnuwtGJ/0hgH+6dEMyz5jnlek=
github.com/faustbrian/golib/pkg/jsonrpc v0.0.0/go.mod h1:SUQbRDQdKNV0fzeN8Cdm7IbPoLznSL4vS2g6YhW1sYo=
github.com/faustbrian/golib/pkg/log v0.0.0 h1:Sv6XmXLrGfadT6AHf3zgwG+COUdQ5x6YHX11vqq+kxo=
github.com/faustbrian/golib/pkg/log v0.0.0/go.mod h1:sSY1cahFDmBKuXysLV5wAXB6UMrtpkwZrolZ/koJ7Ag=
github.com/faustbrian/golib/pkg/openapi v0.0.0 h1:mCvtSPvDdBJzmR91x0cats7lj1eKASTcdEt7hhfFcKI=
github.com/faustbrian/golib/pkg/openapi v0.0.0/go.mod h1:5ZqWtAeJPlLqOyVBuTuMXM0oWr97aVTO6Z62Xtd1dio=
github.com/faustbrian/golib/pkg/router v0.0.0 h1:SnmVSpDe5WJ/YM8PD1vd7PmlgoeJqElBwqpPt4GKXmU=
github.com/faustbrian/golib/pkg/router v0.0.0/go.mod h1:miXaY90McKrLoRLsfzOTvBXNtRbW7+XtCYHesRLMal4=
github.com/faustbrian/golib/pkg/service v0.0.0 h1:E5TVZTPs0cKrSt/Tn6zTtlXUx7f6RP32m/ICsmZ0XxI=
github.com/faustbrian/golib/pkg/service v0.0.0/go.mod h1:NkRdWh+qBBm5U0F17W0lMFx6pzdQKYZW+xtwZniOa8s=
github.com/felixge/httpsnoop v1.1.0 h1:3YtUj32ZZkqZtt3sZZsClsymw/QDuVfpNhoA31zeORc=
github.com/felixge/httpsnoop v1.1.0/go.mod h1:Zqxgdd+1Rkcz8euOqdr7lqgCRJztwr5hp9vDSi5UZCE=
github.com/gofrs/uuid/v5 v5.3.2 h1:2jfO8j3XgSwlz/wHqemAEugfnTlikAYHhnqQ8Xh4fE0=
github.com/gofrs/uuid/v5 v5.3.2/go.mod h1:CDOjlDMVAtN56jqyRUZh58JT31Tiw7/oQyEXZV+9bD8=
github.com/google/uuid v1.6.0 h1:NIvaJDMOsjHA8n1jAhLSgzrAzy1Hgr+hNrb57e+94F0=
github.com/google/uuid v1.6.0/go.mod h1:TIyPZe4MgqvfeYDBFedMoGGpEw/LqOeaOT+nhxU+yHo=
github.com/jackc/pgpassfile v1.0.0 h1:/6Hmqy13Ss2zCq62VdNG8tM1wchn8zjSGOBJ6icpsIM=
github.com/jackc/pgpassfile v1.0.0/go.mod h1:CEx0iS5ambNFdcRtxPj5JhEz+xB6uRky5eyVu/W2HEg=
github.com/jackc/pgservicefile v0.0.0-20240606120523-5a60cdf6a761 h1:iCEnooe7UlwOQYpKFhBabPMi4aNAfoODPEFNiAnClxo=
github.com/jackc/pgservicefile v0.0.0-20240606120523-5a60cdf6a761/go.mod h1:5TJZWKEWniPve33vlWYSoGYefn3gLQRzjfDlhSJ9ZKM=
github.com/jackc/pgx/v5 v5.10.0 h1:VhSvgU2jSli8o3AqIEOTJr7rZwAEUVo4E4XhR94Zfr0=
github.com/jackc/pgx/v5 v5.10.0/go.mod h1:mal1tBGAFfLHvZzaYh77YS/eC6IX9OWbRV1QIIM0Jn4=
github.com/jackc/puddle/v2 v2.2.2 h1:PR8nw+E/1w0GLuRFSmiioY6UooMp6KJv0/61nB7icHo=
github.com/jackc/puddle/v2 v2.2.2/go.mod h1:vriiEXHvEE654aYKXXjOvZM39qJ0q+azkZFrfEOc3H4=
github.com/kr/pretty v0.3.0 h1:WgNl7dwNpEZ6jJ9k1snq4pZsg7DOEN8hP9Xw0Tsjwk0=
github.com/kr/pretty v0.3.0/go.mod h1:640gp4NfQd8pI5XOwp5fnNeVWj67G7CFk/SaSQn7NBk=
github.com/kr/text v0.2.0 h1:5Nx0Ya0ZqY2ygV366QzturHI13Jq95ApcVaJBhpS+AY=
github.com/kr/text v0.2.0/go.mod h1:eLer722TekiGuMkidMxC/pM04lWEeraHUUmBw8l2grE=
github.com/matoous/go-nanoid/v2 v2.1.0 h1:P64+dmq21hhWdtvZfEAofnvJULaRR1Yib0+PnU669bE=
github.com/matoous/go-nanoid/v2 v2.1.0/go.mod h1:KlbGNQ+FhrUNIHUxZdL63t7tl4LaPkZNpUULS8H4uVM=
github.com/oklog/ulid/v2 v2.1.1 h1:suPZ4ARWLOJLegGFiZZ1dFAkqzhMjL3J1TzI+5wHz8s=
github.com/oklog/ulid/v2 v2.1.1/go.mod h1:rcEKHmBBKfef9DhnvX7y1HZBYxjXb0cP5ExxNsTT1QQ=
github.com/pmezard/go-difflib v1.0.0 h1:4DBwDE0NGyQoBHbLQYPwSUPoCMWR5BEzIk/f1lZbAQM=
github.com/pmezard/go-difflib v1.0.0/go.mod h1:iKH77koFhYxTK1pcRnkKkqfTogsbg7gZNVY4sRDYZ/4=
github.com/rogpeppe/go-internal v1.15.0 h1:D0RCU5rMAp+SpgkiNdrjfJ+LX4J1M32V2NeCY7EJ6hc=
github.com/rogpeppe/go-internal v1.15.0/go.mod h1:DrUVZyrJU+txYW5/1kwtXQSMFio52ZOxX7yM1VHvnxs=
github.com/segmentio/ksuid v1.0.4 h1:sBo2BdShXjmcugAMwjugoGUdUV0pcxY5mW4xKRn3v4c=
github.com/segmentio/ksuid v1.0.4/go.mod h1:/XUiZBD3kVx5SmUOl55voK5yeAbBNNIed+2O73XgrPE=
github.com/stretchr/testify v1.11.1 h1:7s2iGBzp5EwR7/aIZr8ao5+dra3wiQyKjjFuvgVKu7U=
github.com/stretchr/testify v1.11.1/go.mod h1:wZwfW3scLgRK+23gO65QZefKpKQRnfz6sD981Nm4B6U=
go.jetify.com/typeid/v2 v2.0.0-alpha.3 h1:T6RPx6bNl10lp0JN2Xz/XcgLZWSlVmL58Xqy9cgTCcc=
go.jetify.com/typeid/v2 v2.0.0-alpha.3/go.mod h1:zfD1ZDHDJNgXZANsO9jDOD81XRRQ0zAOnDBEHmIV/Gw=
go.opentelemetry.io/otel v1.44.0 h1:JjwHmHpA4iZ3wBxluu2fbbE7j4kqlE8jXyAyPXH7HqU=
go.opentelemetry.io/otel v1.44.0/go.mod h1:BMgjTHL9WPRlRjL2oZCBTL4whCGtXch2H4BhOPIAyYc=
go.opentelemetry.io/otel/trace v1.44.0 h1:jxF5CsGYCe74MCRx2X4g7WsY/VBKRqqpNvXlX/6gtIk=
go.opentelemetry.io/otel/trace v1.44.0/go.mod h1:oLl1jrMQAVo6v3GAggN+1VH9VIz9iUSvW53sW1Q8PIE=
go.uber.org/goleak v1.3.0 h1:2K3zAYmnTNqV73imy9J1T3WC+gmCePx2hEGkimedGto=
go.uber.org/goleak v1.3.0/go.mod h1:CoHD4mav9JJNrW/WLlf7HGZPjdw8EucARQHekz1X6bE=
go.yaml.in/yaml/v3 v3.0.4 h1:tfq32ie2Jv2UxXFdLJdh3jXuOzWiL1fo0bu/FbuKpbc=
go.yaml.in/yaml/v3 v3.0.4/go.mod h1:DhzuOOF2ATzADvBadXxruRBLzYTpT36CKvDb3+aBEFg=
golang.org/x/net v0.57.0 h1:K5+3DljvIuDG9/Jv9rvyMywYNFCQ9RSUY6OOTTkT+tE=
golang.org/x/net v0.57.0/go.mod h1:KpXc8iv+r3XplLAG/f7Jsf9RPszJzdR0f58q9vGOuEU=
golang.org/x/oauth2 v0.36.0 h1:peZ/1z27fi9hUOFCAZaHyrpWG5lwe0RJEEEeH0ThlIs=
golang.org/x/oauth2 v0.36.0/go.mod h1:YDBUJMTkDnJS+A4BP4eZBjCqtokkg1hODuPjwiGPO7Q=
golang.org/x/sync v0.22.0 h1:SZjpbeLmrCk4xhRSZFNZW5gFUeCeFgjekvI/+gfScek=
golang.org/x/sync v0.22.0/go.mod h1:9xrNwdLfx4jkKbNva9FpL6vEN7evnE43NNNJQ2LF3+0=
golang.org/x/text v0.41.0 h1:vz/seA0lnX87Othu2f/0L24RcgrXD9/YFTSuGjj3rH8=
golang.org/x/text v0.41.0/go.mod h1:jvf1O8ajNzZqhSrQBPbutR/EB83Cc0CFrezNQIwbb5M=
gopkg.in/check.v1 v0.0.0-20161208181325-20d25e280405/go.mod h1:Co6ibVJAznAaIkqp8huTwlJQCZ016jof/cbN4VW5Yz0=
gopkg.in/check.v1 v1.0.0-20201130134442-10cb98267c6c h1:Hei/4ADfdWqJk1ZMxUNpqntNwaWcugrBjAiHlqqRiVk=
gopkg.in/check.v1 v1.0.0-20201130134442-10cb98267c6c/go.mod h1:JHkPIbrfpd72SG/EVd6muEfDQjcINNoR0C8j2r3qZ4Q=
gopkg.in/yaml.v3 v3.0.1 h1:fxVm/GzAzEWqLHuvctI91KS9hhNmmWOoWu0XTYJS7CA=
gopkg.in/yaml.v3 v3.0.1/go.mod h1:K4uyk7z7BCEPqu6E+C64Yfv1cQ7kz7rIZviUmN+EgEM=
