github.com/boombuler/barcode v1.0.0 h1:s1TvRnXwL2xJRaccrdcBQMZxq6X7DvsMogtmJeHDdrc=
github.com/boombuler/barcode v1.0.0/go.mod h1:paBWMcWSl3LHKBqUq+rly7CNSldXjb2rDl3JlRe0mD8=
github.com/davecgh/go-spew v1.1.0 h1:ZDRjVQ15GmhC3fiQ8ni8+OwkZQO4DARzQgrnXU1Liz8=
github.com/davecgh/go-spew v1.1.0/go.mod h1:J7Y8YcW2NihsgmVo/mv3lAwl/skON4iLHjSsI+c5H38=
github.com/ericlevine/zxinggo v0.1.0 h1:yv2tPrqgVX81xcMY8vtt9Bk0n1mSn9mCPp4RfaCNCYw=
github.com/ericlevine/zxinggo v0.1.0/go.mod h1:QLetWsn1LtT6uja5NsXVTRErtczmwQ343zFHp4GiY+E=
github.com/jung-kurt/gofpdf v1.0.0/go.mod h1:7Id9E/uU8ce6rXgefFLlgrJj/GYY22cpxn+r32jIOes=
github.com/makiuchi-d/gozxing v0.1.1 h1:xxqijhoedi+/lZlhINteGbywIrewVdVv2wl9r5O9S1I=
github.com/makiuchi-d/gozxing v0.1.1/go.mod h1:eRIHbOjX7QWxLIDJoQuMLhuXg9LAuw6znsUtRkNw9DU=
github.com/phpdave11/gofpdf v1.4.2/go.mod h1:zpO6xFn9yxo3YLyMvW8HcKWVdbNqgIfOOp2dXMnm1mY=
github.com/phpdave11/gofpdi v1.0.12/go.mod h1:vBmVV0Do6hSBHC8uKUQ71JGW+ZGQq74llk/7bXwjDoI=
github.com/pkg/errors v0.8.1/go.mod h1:bwawxfHBFNV+L2hUp1rHADufV3IMtnDRdf1r5NINEl0=
github.com/pkg/errors v0.9.1/go.mod h1:bwawxfHBFNV+L2hUp1rHADufV3IMtnDRdf1r5NINEl0=
github.com/pmezard/go-difflib v1.0.0 h1:4DBwDE0NGyQoBHbLQYPwSUPoCMWR5BEzIk/f1lZbAQM=
github.com/pmezard/go-difflib v1.0.0/go.mod h1:iKH77koFhYxTK1pcRnkKkqfTogsbg7gZNVY4sRDYZ/4=
github.com/ruudk/golang-pdf417 v0.0.0-20181029194003-1af4ab5afa58/go.mod h1:6lfFZQK844Gfx8o5WFuvpxWRwnSoipWe/p622j1v06w=
github.com/ruudk/golang-pdf417 v0.0.0-20201230142125-a7e3863a1245 h1:K1Xf3bKttbF+koVGaX5xngRIZ5bVjbmPnaxE/dR08uY=
github.com/ruudk/golang-pdf417 v0.0.0-20201230142125-a7e3863a1245/go.mod h1:pQAZKsJ8yyVxGRWYNEm9oFB8ieLgKFnamEyDmSA0BRk=
github.com/speedata/barcode v1.1.1 h1:pEBt6VWg2tG2rOhDePLCub4bZWP6bHyGJhclwyt6Oxc=
github.com/speedata/barcode v1.1.1/go.mod h1:BNwJ2io3ZgecUqunSUFAlfnnI8YTh3SLSHZgs5vaoTY=
github.com/stretchr/testify v1.2.2 h1:bSDNvY7ZPG5RlJ8otE/7V6gMiyenm9RtJ7IUVIAoJ1w=
github.com/stretchr/testify v1.2.2/go.mod h1:a8OnRcib4nhh0OaRAV+Yts87kKdq0PP7pXfy6kDkUVs=
github.com/unixdj/qr v0.8.2 h1:nYyP01Fqe5ulZxG0O7Mn7Dio+YTudY0P6dX92bFY3oU=
github.com/unixdj/qr v0.8.2/go.mod h1:OlLhR9HQ/G5so0A0Je0WJDCa/uUYnXqzwwtWMQ4R5xY=
golang.org/x/image v0.0.0-20190910094157-69e4b8554b2a/go.mod h1:FeLwcggjj3mMvU+oOTbSwawSJRM1uh48EjtB4UJZlP0=
golang.org/x/text v0.3.0/go.mod h1:NqM8EUOU14njkJ3fqMW+pc6Ldnwhi/IjpwHt7yyuwOQ=
golang.org/x/text v0.34.0 h1:oL/Qq0Kdaqxa1KbNeMKwQq0reLCCaFtqu2eNuSeNHbk=
golang.org/x/text v0.34.0/go.mod h1:homfLqTYRFyVYemLBFl5GgL/DWEiH5wcsQ5gSh1yziA=
golang.org/x/xerrors v0.0.0-20200804184101-5ec99f83aff1 h1:go1bK/D/BFZV2I8cIQd1NKEZ+0owSTG1fDTci4IqFcE=
golang.org/x/xerrors v0.0.0-20200804184101-5ec99f83aff1/go.mod h1:I/5z698sn9Ka8TeJc9MKroUUfqBBauWjQqLJ2OPfmY0=
